
Microsoft Visual Studio Solution File, Format Version 12.00
# Visual Studio Version 17
VisualStudioVersion = 17.14.36414.22
MinimumVisualStudioVersion = 10.0.40219.1
Project("{2150E333-8FDC-42A3-9474-1A3956D46DE8}") = "Task0", "Task0", "{02EA681E-C7D8-13C7-8484-4AC65E1B71E8}"
EndProject
Project("{FAE04EC0-301F-11D3-BF4B-00C04F79EFBC}") = "Tyuiu.AlbornozJ.Sprint2.Task0.V30", "Tyuiu.AlbornozJ.Sprint2.Task0.V30\Tyuiu.AlbornozJ.Sprint2.Task0.V30.csproj", "{8CE57525-BBF8-453F-9E10-B3EF7B002D7D}"
EndProject
Project("{FAE04EC0-301F-11D3-BF4B-00C04F79EFBC}") = "Tyuiu.AlbornozJ.Sprint2.Task0.V30.Lib", "Tyuiu.AlbornozJ.Sprint2.Task0.V30.Lib\Tyuiu.AlbornozJ.Sprint2.Task0.V30.Lib.csproj", "{16805A10-5BD1-4AD0-A69E-3C5D20FEF16A}"
EndProject
Project("{FAE04EC0-301F-11D3-BF4B-00C04F79EFBC}") = "Tyuiu.AlbornozJ.Sprint2.Task0.V30.Test", "Tyuiu.AlbornozJ.Sprint2.Task0.V30.Test\Tyuiu.AlbornozJ.Sprint2.Task0.V30.Test.csproj", "{EEBF5AAD-2FF9-4BEC-A534-9285C0B71DFC}"
EndProject
Project("{2150E333-8FDC-42A3-9474-1A3956D46DE8}") = "Task1", "Task1", "{5CAF48DC-ED58-49D0-AC9F-3C251A90C03D}"
EndProject
Project("{FAE04EC0-301F-11D3-BF4B-00C04F79EFBC}") = "Tyuiu.AlbornozJ.Sprint2.Task1.V25", "Tyuiu.AlbornozJ.Sprint2.Task1.V25\Tyuiu.AlbornozJ.Sprint2.Task1.V25.csproj", "{E94986FA-56F6-4A81-86C8-3441D2B76DE1}"
EndProject
Project("{FAE04EC0-301F-11D3-BF4B-00C04F79EFBC}") = "Tyuiu.AlbornozJ.Sprint2.Task1.V25.Lib", "Tyuiu.AlbornozJ.Sprint2.Task1.V25.Lib\Tyuiu.AlbornozJ.Sprint2.Task1.V25.Lib.csproj", "{3FEFD274-6B26-42A2-896D-61CE3E9E327C}"
EndProject
Project("{FAE04EC0-301F-11D3-BF4B-00C04F79EFBC}") = "Tyuiu.AlbornozJ.Sprint2.Task1.V25.Test", "Tyuiu.AlbornozJ.Sprint2.Task1.V25.Test\Tyuiu.AlbornozJ.Sprint2.Task1.V25.Test.csproj", "{F8E72100-EE7D-4943-A45B-8D20B8416C5A}"
EndProject
Project("{2150E333-8FDC-42A3-9474-1A3956D46DE8}") = "Task2", "Task2", "{009D4A9D-149A-4435-909E-3DF2CCBAC43E}"
EndProject
Project("{FAE04EC0-301F-11D3-BF4B-00C04F79EFBC}") = "Tyuiu.AlbornozJ.Sprint2.Task2.V1", "Tyuiu.AlbornozJ.Sprint2.Task2.V1\Tyuiu.AlbornozJ.Sprint2.Task2.V1.csproj", "{30C03A7C-9ABA-4197-B1AB-4583DBF1E152}"
EndProject
Project("{FAE04EC0-301F-11D3-BF4B-00C04F79EFBC}") = "Tyuiu.AlbornozJ.Sprint2.Task2.V1.Lib", "Tyuiu.AlbornozJ.Sprint2.Task2.V1.Lib\Tyuiu.AlbornozJ.Sprint2.Task2.V1.Lib.csproj", "{CE47C0A4-4AEA-49EF-A0A2-BB8C0E03FDC2}"
EndProject
Project("{FAE04EC0-301F-11D3-BF4B-00C04F79EFBC}") = "Tyuiu.AlbornozJ.Sprint2.Task2.V1.Test", "Tyuiu.AlbornozJ.Sprint2.Task2.V1.Test\Tyuiu.AlbornozJ.Sprint2.Task2.V1.Test.csproj", "{5EC78699-F38D-46BD-A0B3-318B043B6FFD}"
EndProject
Project("{2150E333-8FDC-42A3-9474-1A3956D46DE8}") = "Task3", "Task3", "{6C4F3089-4397-4244-B9DD-E8E5DDE01888}"
EndProject
Project("{FAE04EC0-301F-11D3-BF4B-00C04F79EFBC}") = "Tyuiu.AlbornozJ.Sprint2.Task3.V10", "Tyuiu.AlbornozJ.Sprint2.Task3.V10\Tyuiu.AlbornozJ.Sprint2.Task3.V10.csproj", "{C44089D7-3EE8-4CC1-A1D9-DA23E2DEA9FB}"
EndProject
Project("{FAE04EC0-301F-11D3-BF4B-00C04F79EFBC}") = "Tyuiu.AlbornozJ.Sprint2.Task3.V10.Lib", "Tyuiu.AlbornozJ.Sprint2.Task3.V10.Lib\Tyuiu.AlbornozJ.Sprint2.Task3.V10.Lib.csproj", "{25A53193-9A3C-4B72-92C4-99861F4D95D7}"
EndProject
Project("{FAE04EC0-301F-11D3-BF4B-00C04F79EFBC}") = "Tyuiu.AlbornozJ.Sprint2.Task3.V10.Test", "Tyuiu.AlbornozJ.Sprint2.Task3.V10.Test\Tyuiu.AlbornozJ.Sprint2.Task3.V10.Test.csproj", "{22C11D4A-6198-43AD-BC92-70B11A2ABC47}"
EndProject
Project("{2150E333-8FDC-42A3-9474-1A3956D46DE8}") = "Task4", "Task4", "{EDC1B256-41FE-46A2-A51D-3788FC8E5FED}"
EndProject
Project("{FAE04EC0-301F-11D3-BF4B-00C04F79EFBC}") = "Tyuiu.AlbornozJ.Sprint2.Task4.V3", "Tyuiu.AlbornozJ.Sprint2.Task4.V3\Tyuiu.AlbornozJ.Sprint2.Task4.V3.csproj", "{67AB81B0-C2D3-4846-9773-1657A236E928}"
EndProject
Project("{FAE04EC0-301F-11D3-BF4B-00C04F79EFBC}") = "Tyuiu.AlbornozJ.Sprint2.Task4.V3.Lib", "Tyuiu.AlbornozJ.Sprint2.Task4.V3.Lib\Tyuiu.AlbornozJ.Sprint2.Task4.V3.Lib.csproj", "{1BBA6A19-5E2A-4941-AB20-052AAE49FE77}"
EndProject
Project("{FAE04EC0-301F-11D3-BF4B-00C04F79EFBC}") = "Tyuiu.AlbornozJ.Sprint2.Task4.V3.Test", "Tyuiu.AlbornozJ.Sprint2.Task4.V3.Test\Tyuiu.AlbornozJ.Sprint2.Task4.V3.Test.csproj", "{F35B0696-640A-4BEC-B0ED-D709628AF63F}"
EndProject
Project("{2150E333-8FDC-42A3-9474-1A3956D46DE8}") = "Task5", "Task5", "{52F7ABC6-4BA9-4385-BF32-ACDE990B26FA}"
EndProject
Project("{FAE04EC0-301F-11D3-BF4B-00C04F79EFBC}") = "Tyuiu.AlbornozJ.Sprint2.Task5.V6", "Tyuiu.AlbornozJ.Sprint2.Task5.V6\Tyuiu.AlbornozJ.Sprint2.Task5.V6.csproj", "{265AAC92-D61B-492E-93FC-AEEBC798B2A0}"
EndProject
Project("{FAE04EC0-301F-11D3-BF4B-00C04F79EFBC}") = "Tyuiu.AlbornozJ.Sprint2.Task5.V6.Lib", "Tyuiu.AlbornozJ.Sprint2.Task5.V6.Lib\Tyuiu.AlbornozJ.Sprint2.Task5.V6.Lib.csproj", "{4D13984A-E2E8-4961-858E-2F91480955E3}"
EndProject
Project("{FAE04EC0-301F-11D3-BF4B-00C04F79EFBC}") = "Tyuiu.AlbornozJ.Sprint2.Task5.V6.Test", "Tyuiu.AlbornozJ.Sprint2.Task5.V6.Test\Tyuiu.AlbornozJ.Sprint2.Task5.V6.Test.csproj", "{52B35BEF-968A-4151-929F-307F9256E7A8}"
EndProject
Project("{2150E333-8FDC-42A3-9474-1A3956D46DE8}") = "Task6", "Task6", "{067886A6-987C-48B4-8CB4-66FC385BBA02}"
EndProject
Project("{FAE04EC0-301F-11D3-BF4B-00C04F79EFBC}") = "Tyuiu.AlbornozJ.Sprint2.Task6.V5", "Tyuiu.AlbornozJ.Sprint2.Task6.V5\Tyuiu.AlbornozJ.Sprint2.Task6.V5.csproj", "{8F8D54F5-4B8B-4EFE-8914-76AF6BA535FB}"
EndProject
Project("{FAE04EC0-301F-11D3-BF4B-00C04F79EFBC}") = "Tyuiu.AlbornozJ.Sprint2.Task6.V5.Lib", "Tyuiu.AlbornozJ.Sprint2.Task6.V5.Lib\Tyuiu.AlbornozJ.Sprint2.Task6.V5.Lib.csproj", "{D0EA7F75-0482-43A8-981C-7C89996808F5}"
EndProject
Project("{FAE04EC0-301F-11D3-BF4B-00C04F79EFBC}") = "Tyuiu.AlbornozJ.Sprint2.Task6.V5.Test", "Tyuiu.AlbornozJ.Sprint2.Task6.V5.Test\Tyuiu.AlbornozJ.Sprint2.Task6.V5.Test.csproj", "{13FEE34C-FB0C-439A-A0AB-C2A0D6BC80FF}"
EndProject
Project("{2150E333-8FDC-42A3-9474-1A3956D46DE8}") = "Task7", "Task7", "{81D21E8F-1A8F-44EC-ADFE-3DFD4386F5B5}"
EndProject
Project("{FAE04EC0-301F-11D3-BF4B-00C04F79EFBC}") = "Tyuiu.AlbornozJ.Sprint2.Task7.V6", "Tyuiu.AlbornozJ.Sprint2.Task7.V6\Tyuiu.AlbornozJ.Sprint2.Task7.V6.csproj", "{391461CE-57DB-4A28-9D6C-D61EA11A9A0F}"
EndProject
Project("{FAE04EC0-301F-11D3-BF4B-00C04F79EFBC}") = "Tyuiu.AlbornozJ.Sprint2.Task7.V6.Lib", "Tyuiu.AlbornozJ.Sprint2.Task7.V6.Lib\Tyuiu.AlbornozJ.Sprint2.Task7.V6.Lib.csproj", "{4158531C-D40C-40B1-BA3F-F111C93BFF6C}"
EndProject
Project("{FAE04EC0-301F-11D3-BF4B-00C04F79EFBC}") = "Tyuiu.AlbornozJ.Sprint2.Task7.V6.Test", "Tyuiu.AlbornozJ.Sprint2.Task7.V6.Test\Tyuiu.AlbornozJ.Sprint2.Task7.V6.Test.csproj", "{03ACB2AB-ACA1-455D-948D-F3D30327053E}"
EndProject
Global
	GlobalSection(SolutionConfigurationPlatforms) = preSolution
		Debug|Any CPU = Debug|Any CPU
		Release|Any CPU = Release|Any CPU
	EndGlobalSection
	GlobalSection(ProjectConfigurationPlatforms) = postSolution
		{8CE57525-BBF8-453F-9E10-B3EF7B002D7D}.Debug|Any CPU.ActiveCfg = Debug|Any CPU
		{8CE57525-BBF8-453F-9E10-B3EF7B002D7D}.Debug|Any CPU.Build.0 = Debug|Any CPU
		{8CE57525-BBF8-453F-9E10-B3EF7B002D7D}.Release|Any CPU.ActiveCfg = Release|Any CPU
		{8CE57525-BBF8-453F-9E10-B3EF7B002D7D}.Release|Any CPU.Build.0 = Release|Any CPU
		{16805A10-5BD1-4AD0-A69E-3C5D20FEF16A}.Debug|Any CPU.ActiveCfg = Debug|Any CPU
		{16805A10-5BD1-4AD0-A69E-3C5D20FEF16A}.Debug|Any CPU.Build.0 = Debug|Any CPU
		{16805A10-5BD1-4AD0-A69E-3C5D20FEF16A}.Release|Any CPU.ActiveCfg = Release|Any CPU
		{16805A10-5BD1-4AD0-A69E-3C5D20FEF16A}.Release|Any CPU.Build.0 = Release|Any CPU
		{EEBF5AAD-2FF9-4BEC-A534-9285C0B71DFC}.Debug|Any CPU.ActiveCfg = Debug|Any CPU
		{EEBF5AAD-2FF9-4BEC-A534-9285C0B71DFC}.Debug|Any CPU.Build.0 = Debug|Any CPU
		{EEBF5AAD-2FF9-4BEC-A534-9285C0B71DFC}.Release|Any CPU.ActiveCfg = Release|Any CPU
		{EEBF5AAD-2FF9-4BEC-A534-9285C0B71DFC}.Release|Any CPU.Build.0 = Release|Any CPU
		{E94986FA-56F6-4A81-86C8-3441D2B76DE1}.Debug|Any CPU.ActiveCfg = Debug|Any CPU
		{E94986FA-56F6-4A81-86C8-3441D2B76DE1}.Debug|Any CPU.Build.0 = Debug|Any CPU
		{E94986FA-56F6-4A81-86C8-3441D2B76DE1}.Release|Any CPU.ActiveCfg = Release|Any CPU
		{E94986FA-56F6-4A81-86C8-3441D2B76DE1}.Release|Any CPU.Build.0 = Release|Any CPU
		{3FEFD274-6B26-42A2-896D-61CE3E9E327C}.Debug|Any CPU.ActiveCfg = Debug|Any CPU
		{3FEFD274-6B26-42A2-896D-61CE3E9E327C}.Debug|Any CPU.Build.0 = Debug|Any CPU
		{3FEFD274-6B26-42A2-896D-61CE3E9E327C}.Release|Any CPU.ActiveCfg = Release|Any CPU
		{3FEFD274-6B26-42A2-896D-61CE3E9E327C}.Release|Any CPU.Build.0 = Release|Any CPU
		{F8E72100-EE7D-4943-A45B-8D20B8416C5A}.Debug|Any CPU.ActiveCfg = Debug|Any CPU
		{F8E72100-EE7D-4943-A45B-8D20B8416C5A}.Debug|Any CPU.Build.0 = Debug|Any CPU
		{F8E72100-EE7D-4943-A45B-8D20B8416C5A}.Release|Any CPU.ActiveCfg = Release|Any CPU
		{F8E72100-EE7D-4943-A45B-8D20B8416C5A}.Release|Any CPU.Build.0 = Release|Any CPU
		{30C03A7C-9ABA-4197-B1AB-4583DBF1E152}.Debug|Any CPU.ActiveCfg = Debug|Any CPU
		{30C03A7C-9ABA-4197-B1AB-4583DBF1E152}.Debug|Any CPU.Build.0 = Debug|Any CPU
		{30C03A7C-9ABA-4197-B1AB-4583DBF1E152}.Release|Any CPU.ActiveCfg = Release|Any CPU
		{30C03A7C-9ABA-4197-B1AB-4583DBF1E152}.Release|Any CPU.Build.0 = Release|Any CPU
		{CE47C0A4-4AEA-49EF-A0A2-BB8C0E03FDC2}.Debug|Any CPU.ActiveCfg = Debug|Any CPU
		{CE47C0A4-4AEA-49EF-A0A2-BB8C0E03FDC2}.Debug|Any CPU.Build.0 = Debug|Any CPU
		{CE47C0A4-4AEA-49EF-A0A2-BB8C0E03FDC2}.Release|Any CPU.ActiveCfg = Release|Any CPU
		{CE47C0A4-4AEA-49EF-A0A2-BB8C0E03FDC2}.Release|Any CPU.Build.0 = Release|Any CPU
		{5EC78699-F38D-46BD-A0B3-318B043B6FFD}.Debug|Any CPU.ActiveCfg = Debug|Any CPU
		{5EC78699-F38D-46BD-A0B3-318B043B6FFD}.Debug|Any CPU.Build.0 = Debug|Any CPU
		{5EC78699-F38D-46BD-A0B3-318B043B6FFD}.Release|Any CPU.ActiveCfg = Release|Any CPU
		{5EC78699-F38D-46BD-A0B3-318B043B6FFD}.Release|Any CPU.Build.0 = Release|Any CPU
		{C44089D7-3EE8-4CC1-A1D9-DA23E2DEA9FB}.Debug|Any CPU.ActiveCfg = Debug|Any CPU
		{C44089D7-3EE8-4CC1-A1D9-DA23E2DEA9FB}.Debug|Any CPU.Build.0 = Debug|Any CPU
		{C44089D7-3EE8-4CC1-A1D9-DA23E2DEA9FB}.Release|Any CPU.ActiveCfg = Release|Any CPU
		{C44089D7-3EE8-4CC1-A1D9-DA23E2DEA9FB}.Release|Any CPU.Build.0 = Release|Any CPU
		{25A53193-9A3C-4B72-92C4-99861F4D95D7}.Debug|Any CPU.ActiveCfg = Debug|Any CPU
		{25A53193-9A3C-4B72-92C4-99861F4D95D7}.Debug|Any CPU.Build.0 = Debug|Any CPU
		{25A53193-9A3C-4B72-92C4-99861F4D95D7}.Release|Any CPU.ActiveCfg = Release|Any CPU
		{25A53193-9A3C-4B72-92C4-99861F4D95D7}.Release|Any CPU.Build.0 = Release|Any CPU
		{22C11D4A-6198-43AD-BC92-70B11A2ABC47}.Debug|Any CPU.ActiveCfg = Debug|Any CPU
		{22C11D4A-6198-43AD-BC92-70B11A2ABC47}.Debug|Any CPU.Build.0 = Debug|Any CPU
		{22C11D4A-6198-43AD-BC92-70B11A2ABC47}.Release|Any CPU.ActiveCfg = Release|Any CPU
		{22C11D4A-6198-43AD-BC92-70B11A2ABC47}.Release|Any CPU.Build.0 = Release|Any CPU
		{67AB81B0-C2D3-4846-9773-1657A236E928}.Debug|Any CPU.ActiveCfg = Debug|Any CPU
		{67AB81B0-C2D3-4846-9773-1657A236E928}.Debug|Any CPU.Build.0 = Debug|Any CPU
		{67AB81B0-C2D3-4846-9773-1657A236E928}.Release|Any CPU.ActiveCfg = Release|Any CPU
		{67AB81B0-C2D3-4846-9773-1657A236E928}.Release|Any CPU.Build.0 = Release|Any CPU
		{1BBA6A19-5E2A-4941-AB20-052AAE49FE77}.Debug|Any CPU.ActiveCfg = Debug|Any CPU
		{1BBA6A19-5E2A-4941-AB20-052AAE49FE77}.Debug|Any CPU.Build.0 = Debug|Any CPU
		{1BBA6A19-5E2A-4941-AB20-052AAE49FE77}.Release|Any CPU.ActiveCfg = Release|Any CPU
		{1BBA6A19-5E2A-4941-AB20-052AAE49FE77}.Release|Any CPU.Build.0 = Release|Any CPU
		{F35B0696-640A-4BEC-B0ED-D709628AF63F}.Debug|Any CPU.ActiveCfg = Debug|Any CPU
		{F35B0696-640A-4BEC-B0ED-D709628AF63F}.Debug|Any CPU.Build.0 = Debug|Any CPU
		{F35B0696-640A-4BEC-B0ED-D709628AF63F}.Release|Any CPU.ActiveCfg = Release|Any CPU
		{F35B0696-640A-4BEC-B0ED-D709628AF63F}.Release|Any CPU.Build.0 = Release|Any CPU
		{265AAC92-D61B-492E-93FC-AEEBC798B2A0}.Debug|Any CPU.ActiveCfg = Debug|Any CPU
		{265AAC92-D61B-492E-93FC-AEEBC798B2A0}.Debug|Any CPU.Build.0 = Debug|Any CPU
		{265AAC92-D61B-492E-93FC-AEEBC798B2A0}.Release|Any CPU.ActiveCfg = Release|Any CPU
		{265AAC92-D61B-492E-93FC-AEEBC798B2A0}.Release|Any CPU.Build.0 = Release|Any CPU
		{4D13984A-E2E8-4961-858E-2F91480955E3}.Debug|Any CPU.ActiveCfg = Debug|Any CPU
		{4D13984A-E2E8-4961-858E-2F91480955E3}.Debug|Any CPU.Build.0 = Debug|Any CPU
		{4D13984A-E2E8-4961-858E-2F91480955E3}.Release|Any CPU.ActiveCfg = Release|Any CPU
		{4D13984A-E2E8-4961-858E-2F91480955E3}.Release|Any CPU.Build.0 = Release|Any CPU
		{52B35BEF-968A-4151-929F-307F9256E7A8}.Debug|Any CPU.ActiveCfg = Debug|Any CPU
		{52B35BEF-968A-4151-929F-307F9256E7A8}.Debug|Any CPU.Build.0 = Debug|Any CPU
		{52B35BEF-968A-4151-929F-307F9256E7A8}.Release|Any CPU.ActiveCfg = Release|Any CPU
		{52B35BEF-968A-4151-929F-307F9256E7A8}.Release|Any CPU.Build.0 = Release|Any CPU
		{8F8D54F5-4B8B-4EFE-8914-76AF6BA535FB}.Debug|Any CPU.ActiveCfg = Debug|Any CPU
		{8F8D54F5-4B8B-4EFE-8914-76AF6BA535FB}.Debug|Any CPU.Build.0 = Debug|Any CPU
		{8F8D54F5-4B8B-4EFE-8914-76AF6BA535FB}.Release|Any CPU.ActiveCfg = Release|Any CPU
		{8F8D54F5-4B8B-4EFE-8914-76AF6BA535FB}.Release|Any CPU.Build.0 = Release|Any CPU
		{D0EA7F75-0482-43A8-981C-7C89996808F5}.Debug|Any CPU.ActiveCfg = Debug|Any CPU
		{D0EA7F75-0482-43A8-981C-7C89996808F5}.Debug|Any CPU.Build.0 = Debug|Any CPU
		{D0EA7F75-0482-43A8-981C-7C89996808F5}.Release|Any CPU.ActiveCfg = Release|Any CPU
		{D0EA7F75-0482-43A8-981C-7C89996808F5}.Release|Any CPU.Build.0 = Release|Any CPU
		{13FEE34C-FB0C-439A-A0AB-C2A0D6BC80FF}.Debug|Any CPU.ActiveCfg = Debug|Any CPU
		{13FEE34C-FB0C-439A-A0AB-C2A0D6BC80FF}.Debug|Any CPU.Build.0 = Debug|Any CPU
		{13FEE34C-FB0C-439A-A0AB-C2A0D6BC80FF}.Release|Any CPU.ActiveCfg = Release|Any CPU
		{13FEE34C-FB0C-439A-A0AB-C2A0D6BC80FF}.Release|Any CPU.Build.0 = Release|Any CPU
		{391461CE-57DB-4A28-9D6C-D61EA11A9A0F}.Debug|Any CPU.ActiveCfg = Debug|Any CPU
		{391461CE-57DB-4A28-9D6C-D61EA11A9A0F}.Debug|Any CPU.Build.0 = Debug|Any CPU
		{391461CE-57DB-4A28-9D6C-D61EA11A9A0F}.Release|Any CPU.ActiveCfg = Release|Any CPU
		{391461CE-57DB-4A28-9D6C-D61EA11A9A0F}.Release|Any CPU.Build.0 = Release|Any CPU
		{4158531C-D40C-40B1-BA3F-F111C93BFF6C}.Debug|Any CPU.ActiveCfg = Debug|Any CPU
		{4158531C-D40C-40B1-BA3F-F111C93BFF6C}.Debug|Any CPU.Build.0 = Debug|Any CPU
		{4158531C-D40C-40B1-BA3F-F111C93BFF6C}.Release|Any CPU.ActiveCfg = Release|Any CPU
		{4158531C-D40C-40B1-BA3F-F111C93BFF6C}.Release|Any CPU.Build.0 = Release|Any CPU
		{03ACB2AB-ACA1-455D-948D-F3D30327053E}.Debug|Any CPU.ActiveCfg = Debug|Any CPU
		{03ACB2AB-ACA1-455D-948D-F3D30327053E}.Debug|Any CPU.Build.0 = Debug|Any CPU
		{03ACB2AB-ACA1-455D-948D-F3D30327053E}.Release|Any CPU.ActiveCfg = Release|Any CPU
		{03ACB2AB-ACA1-455D-948D-F3D30327053E}.Release|Any CPU.Build.0 = Release|Any CPU
	EndGlobalSection
	GlobalSection(SolutionProperties) = preSolution
		HideSolutionNode = FALSE
	EndGlobalSection
	GlobalSection(NestedProjects) = preSolution
		{8CE57525-BBF8-453F-9E10-B3EF7B002D7D} = {02EA681E-C7D8-13C7-8484-4AC65E1B71E8}
		{16805A10-5BD1-4AD0-A69E-3C5D20FEF16A} = {02EA681E-C7D8-13C7-8484-4AC65E1B71E8}
		{EEBF5AAD-2FF9-4BEC-A534-9285C0B71DFC} = {02EA681E-C7D8-13C7-8484-4AC65E1B71E8}
		{E94986FA-56F6-4A81-86C8-3441D2B76DE1} = {5CAF48DC-ED58-49D0-AC9F-3C251A90C03D}
		{3FEFD274-6B26-42A2-896D-61CE3E9E327C} = {5CAF48DC-ED58-49D0-AC9F-3C251A90C03D}
		{F8E72100-EE7D-4943-A45B-8D20B8416C5A} = {5CAF48DC-ED58-49D0-AC9F-3C251A90C03D}
		{30C03A7C-9ABA-4197-B1AB-4583DBF1E152} = {009D4A9D-149A-4435-909E-3DF2CCBAC43E}
		{CE47C0A4-4AEA-49EF-A0A2-BB8C0E03FDC2} = {009D4A9D-149A-4435-909E-3DF2CCBAC43E}
		{5EC78699-F38D-46BD-A0B3-318B043B6FFD} = {009D4A9D-149A-4435-909E-3DF2CCBAC43E}
		{C44089D7-3EE8-4CC1-A1D9-DA23E2DEA9FB} = {6C4F3089-4397-4244-B9DD-E8E5DDE01888}
		{25A53193-9A3C-4B72-92C4-99861F4D95D7} = {6C4F3089-4397-4244-B9DD-E8E5DDE01888}
		{22C11D4A-6198-43AD-BC92-70B11A2ABC47} = {6C4F3089-4397-4244-B9DD-E8E5DDE01888}
		{67AB81B0-C2D3-4846-9773-1657A236E928} = {EDC1B256-41FE-46A2-A51D-3788FC8E5FED}
		{1BBA6A19-5E2A-4941-AB20-052AAE49FE77} = {EDC1B256-41FE-46A2-A51D-3788FC8E5FED}
		{F35B0696-640A-4BEC-B0ED-D709628AF63F} = {EDC1B256-41FE-46A2-A51D-3788FC8E5FED}
		{265AAC92-D61B-492E-93FC-AEEBC798B2A0} = {52F7ABC6-4BA9-4385-BF32-ACDE990B26FA}
		{4D13984A-E2E8-4961-858E-2F91480955E3} = {52F7ABC6-4BA9-4385-BF32-ACDE990B26FA}
		{52B35BEF-968A-4151-929F-307F9256E7A8} = {52F7ABC6-4BA9-4385-BF32-ACDE990B26FA}
		{8F8D54F5-4B8B-4EFE-8914-76AF6BA535FB} = {067886A6-987C-48B4-8CB4-66FC385BBA02}
		{D0EA7F75-0482-43A8-981C-7C89996808F5} = {067886A6-987C-48B4-8CB4-66FC385BBA02}
		{13FEE34C-FB0C-439A-A0AB-C2A0D6BC80FF} = {067886A6-987C-48B4-8CB4-66FC385BBA02}
		{391461CE-57DB-4A28-9D6C-D61EA11A9A0F} = {81D21E8F-1A8F-44EC-ADFE-3DFD4386F5B5}
		{4158531C-D40C-40B1-BA3F-F111C93BFF6C} = {81D21E8F-1A8F-44EC-ADFE-3DFD4386F5B5}
		{03ACB2AB-ACA1-455D-948D-F3D30327053E} = {81D21E8F-1A8F-44EC-ADFE-3DFD4386F5B5}
	EndGlobalSection
	GlobalSection(ExtensibilityGlobals) = postSolution
		SolutionGuid = {311E0D1E-FF3A-4EA3-8491-3B4656D1E6F3}
	EndGlobalSection
EndGlobal
